
Microsoft Visual Studio Solution File, Format Version 12.00
# Visual Studio Version 17
VisualStudioVersion = 17.6.33712.159
MinimumVisualStudioVersion = 10.0.40219.1
Project("{FAE04EC0-301F-11D3-BF4B-00C04F79EFBC}") = "Shop", "Shop\Shop.csproj", "{BB06AD54-8734-4E1A-84EE-C14CCF87CDBB}"
EndProject
Global
	GlobalSection(SolutionConfigurationPlatforms) = preSolution
		Debug|Any CPU = Debug|Any CPU
		Release|Any CPU = Release|Any CPU
	EndGlobalSection
	GlobalSection(ProjectConfigurationPlatforms) = postSolution
		{BB06AD54-8734-4E1A-84EE-C14CCF87CDBB}.Debug|Any CPU.ActiveCfg = Debug|Any CPU
		{BB06AD54-8734-4E1A-84EE-C14CCF87CDBB}.Debug|Any CPU.Build.0 = Debug|Any CPU
		{BB06AD54-8734-4E1A-84EE-C14CCF87CDBB}.Release|Any CPU.ActiveCfg = Release|Any CPU
		{BB06AD54-8734-4E1A-84EE-C14CCF87CDBB}.Release|Any CPU.Build.0 = Release|Any CPU
	EndGlobalSection
	GlobalSection(SolutionProperties) = preSolution
		HideSolutionNode = FALSE
	EndGlobalSection
	GlobalSection(ExtensibilityGlobals) = postSolution
		SolutionGuid = {CB8DC73F-D613-4506-965C-2CF38C50EFC1}
	EndGlobalSection
EndGlobal
